
Microsoft Visual Studio Solution File, Format Version 12.00
# Visual Studio Version 16
VisualStudioVersion = 16.0.29920.165
MinimumVisualStudioVersion = 10.0.40219.1
Project("{FAE04EC0-301F-11D3-BF4B-00C04F79EFBC}") = "MyFirstApp", "MyFirstApp.csproj", "{A616D3AC-4AAC-4135-A724-B5F95F9F095E}"
EndProject
Global
	GlobalSection(SolutionConfigurationPlatforms) = preSolution
		Debug|Any CPU = Debug|Any CPU
		Release|Any CPU = Release|Any CPU
	EndGlobalSection
	GlobalSection(ProjectConfigurationPlatforms) = postSolution
		{A616D3AC-4AAC-4135-A724-B5F95F9F095E}.Debug|Any CPU.ActiveCfg = Debug|Any CPU
		{A616D3AC-4AAC-4135-A724-B5F95F9F095E}.Debug|Any CPU.Build.0 = Debug|Any CPU
		{A616D3AC-4AAC-4135-A724-B5F95F9F095E}.Release|Any CPU.ActiveCfg = Release|Any CPU
		{A616D3AC-4AAC-4135-A724-B5F95F9F095E}.Release|Any CPU.Build.0 = Release|Any CPU
	EndGlobalSection
	GlobalSection(SolutionProperties) = preSolution
		HideSolutionNode = FALSE
	EndGlobalSection
	GlobalSection(ExtensibilityGlobals) = postSolution
		SolutionGuid = {4EDCB665-2443-4F89-9B0C-C39CAD2F1E55}
	EndGlobalSection
EndGlobal
